[[package]]
name = "numpy"
version = "1.22.3"
description = "NumPy is the fundamental package for array computing with Python."
category = "main"
optional = false
python-versions = ">=3.8"

[[package]]
name = "ragged-buffer"
version = "0.3.9"
description = "Efficient RaggedBuffer datatype that implements 3D arrays with variable-length 2nd dimension."
category = "main"
optional = false
python-versions = ">=3.6"

[package.dependencies]
numpy = ">=1.21,<2.0"

[metadata]
lock-version = "1.1"
python-versions = ">=3.8,<3.10"
content-hash = "52a7f6ff53f080116ffa1523513fcf172c958dcfc1aeb699395fe44ff6d59623"

[metadata.files]
numpy = [
    {file = "numpy-1.22.3-cp310-cp310-macosx_10_14_x86_64.whl", hash = "sha256:92bfa69cfbdf7dfc3040978ad09a48091143cffb778ec3b03fa170c494118d75"},
    {file = "numpy-1.22.3-cp310-cp310-macosx_11_0_arm64.whl", hash = "sha256:8251ed96f38b47b4295b1ae51631de7ffa8260b5b087808ef09a39a9d66c97ab"},
    {file = "numpy-1.22.3-cp310-cp310-manylinux_2_17_aarch64.manylinux2014_aarch64.whl", hash = "sha256:48a3aecd3b997bf452a2dedb11f4e79bc5bfd21a1d4cc760e703c31d57c84b3e"},
    {file = "numpy-1.22.3-cp310-cp310-manylinux_2_17_x86_64.manylinux2014_x86_64.whl", hash = "sha256:a3bae1a2ed00e90b3ba5f7bd0a7c7999b55d609e0c54ceb2b076a25e345fa9f4"},
    {file = "numpy-1.22.3-cp310-cp310-win32.whl", hash = "sha256:f950f8845b480cffe522913d35567e29dd381b0dc7e4ce6a4a9f9156417d2430"},
    {file = "numpy-1.22.3-cp310-cp310-win_amd64.whl", hash = "sha256:08d9b008d0156c70dc392bb3ab3abb6e7a711383c3247b410b39962263576cd4"},
    {file = "numpy-1.22.3-cp38-cp38-macosx_10_14_x86_64.whl", hash = "sha256:201b4d0552831f7250a08d3b38de0d989d6f6e4658b709a02a73c524ccc6ffce"},
    {file = "numpy-1.22.3-cp38-cp38-macosx_11_0_arm64.whl", hash = "sha256:f8c1f39caad2c896bc0018f699882b345b2a63708008be29b1f355ebf6f933fe"},
    {file = "numpy-1.22.3-cp38-cp38-manylinux_2_17_aarch64.manylinux2014_aarch64.whl", hash = "sha256:568dfd16224abddafb1cbcce2ff14f522abe037268514dd7e42c6776a1c3f8e5"},
    {file = "numpy-1.22.3-cp38-cp38-manylinux_2_17_x86_64.manylinux2014_x86_64.whl", hash = "sha256:3ca688e1b9b95d80250bca34b11a05e389b1420d00e87a0d12dc45f131f704a1"},
    {file = "numpy-1.22.3-cp38-cp38-win32.whl", hash = "sha256:e7927a589df200c5e23c57970bafbd0cd322459aa7b1ff73b7c2e84d6e3eae62"},
    {file = "numpy-1.22.3-cp38-cp38-win_amd64.whl", hash = "sha256:07a8c89a04997625236c5ecb7afe35a02af3896c8aa01890a849913a2309c676"},
    {file = "numpy-1.22.3-cp39-cp39-macosx_10_14_x86_64.whl", hash = "sha256:2c10a93606e0b4b95c9b04b77dc349b398fdfbda382d2a39ba5a822f669a0123"},
    {file = "numpy-1.22.3-cp39-cp39-macosx_11_0_arm64.whl", hash = "sha256:fade0d4f4d292b6f39951b6836d7a3c7ef5b2347f3c420cd9820a1d90d794802"},
    {file = "numpy-1.22.3-cp39-cp39-manylinux_2_17_aarch64.manylinux2014_aarch64.whl", hash = "sha256:5bfb1bb598e8229c2d5d48db1860bcf4311337864ea3efdbe1171fb0c5da515d"},
    {file = "numpy-1.22.3-cp39-cp39-manylinux_2_17_x86_64.manylinux2014_x86_64.whl", hash = "sha256:97098b95aa4e418529099c26558eeb8486e66bd1e53a6b606d684d0c3616b168"},
    {file = "numpy-1.22.3-cp39-cp39-win32.whl", hash = "sha256:fdf3c08bce27132395d3c3ba1503cac12e17282358cb4bddc25cc46b0aca07aa"},
    {file = "numpy-1.22.3-cp39-cp39-win_amd64.whl", hash = "sha256:639b54cdf6aa4f82fe37ebf70401bbb74b8508fddcf4797f9fe59615b8c5813a"},
    {file = "numpy-1.22.3-pp38-pypy38_pp73-manylinux_2_17_x86_64.manylinux2014_x86_64.whl", hash = "sha256:c34ea7e9d13a70bf2ab64a2532fe149a9aced424cd05a2c4ba662fd989e3e45f"},
    {file = "numpy-1.22.3.zip", hash = "sha256:dbc7601a3b7472d559dc7b933b18b4b66f9aa7452c120e87dfb33d02008c8a18"},
]
ragged-buffer = [
    {file = "ragged_buffer-0.3.9-cp310-cp310-manylinux_2_5_x86_64.manylinux1_x86_64.whl", hash = "sha256:8fd141239d9eab5daa81b9249860f16c85feed8017cde8b8a54e263bab2bbbac"},
    {file = "ragged_buffer-0.3.9-cp310-none-win_amd64.whl", hash = "sha256:cc406edf178be3cdfa9f7f335c9e98c38d1cdeaafbb76e25481cb3d305b3b0ac"},
    {file = "ragged_buffer-0.3.9-cp36-cp36m-manylinux_2_5_x86_64.manylinux1_x86_64.whl", hash = "sha256:73ad29360268607a77cb9201b9f5743fbd214b2d8cf318135ea28986f02767b0"},
    {file = "ragged_buffer-0.3.9-cp37-cp37m-macosx_10_7_x86_64.whl", hash = "sha256:27ce456b032b0ef843edc6591d1dfb2a45b322ce0470d0bd4ac3a5515f5d6519"},
    {file = "ragged_buffer-0.3.9-cp37-cp37m-manylinux_2_5_x86_64.manylinux1_x86_64.whl", hash = "sha256:13b4e108b93f77c4787a3df10c1d56869c8130c4f2c2f4965a439d88130594a9"},
    {file = "ragged_buffer-0.3.9-cp37-none-win_amd64.whl", hash = "sha256:f252c23fcb4839408303dae696346b4687c7fb3b357d66ba68f4aaa552fb38af"},
    {file = "ragged_buffer-0.3.9-cp38-cp38-macosx_10_7_x86_64.whl", hash = "sha256:8a455a975a6d77dfb1c73e6d90f4ed3dcc35d46091858ad49230a66c55a02fbe"},
    {file = "ragged_buffer-0.3.9-cp38-cp38-manylinux_2_5_x86_64.manylinux1_x86_64.whl", hash = "sha256:39fa7bdbe9fa536f6e09ed644c9c3e5fa0f2f51305fd9e661d73bdaca435c6b9"},
    {file = "ragged_buffer-0.3.9-cp38-none-win_amd64.whl", hash = "sha256:39135a939696a252efaa72ff6d523bf6757aba17ff8e63f7ce356dc726845d75"},
    {file = "ragged_buffer-0.3.9-cp39-cp39-macosx_10_7_x86_64.whl", hash = "sha256:7951642a724255e74f3a7ffa88c180ee5fb13ad3362df98fdebb4baaed6db1cf"},
    {file = "ragged_buffer-0.3.9-cp39-cp39-manylinux_2_5_x86_64.manylinux1_x86_64.whl", hash = "sha256:9e259de11465e92de6c8b61a4974f6ed77e564cacec6fd3d2961e899cecc22a4"},
    {file = "ragged_buffer-0.3.9-cp39-none-win_amd64.whl", hash = "sha256:8c9b424db4cada6070e1e62e0792a0209641ae758c0b632bb9bb1dbb0202e2e7"},
    {file = "ragged_buffer-0.3.9-pp37-pypy37_pp73-manylinux_2_5_x86_64.manylinux1_x86_64.whl", hash = "sha256:3506c461a43f78707ea6d86ab76064f4a2a841dd1c5f7612080e897ee0314332"},
    {file = "ragged_buffer-0.3.9.tar.gz", hash = "sha256:f022b4336838f55f4bdf9f9ea4e765429ee6f0749fc0f715f29a6d4115d36469"},
]
